
Microsoft Visual Studio Solution File, Format Version 12.00
# Visual Studio 15
VisualStudioVersion = 15.0.28307.645
MinimumVisualStudioVersion = 10.0.40219.1
Project("{FAE04EC0-301F-11D3-BF4B-00C04F79EFBC}") = "TheDbMovies", "TheDbMovies\TheDbMovies.csproj", "{178A8AA9-885C-4926-8066-A3636C726235}"
EndProject
Global
	GlobalSection(SolutionConfigurationPlatforms) = preSolution
		Debug|Any CPU = Debug|Any CPU
		Release|Any CPU = Release|Any CPU
	EndGlobalSection
	GlobalSection(ProjectConfigurationPlatforms) = postSolution
		{178A8AA9-885C-4926-8066-A3636C726235}.Debug|Any CPU.ActiveCfg = Debug|Any CPU
		{178A8AA9-885C-4926-8066-A3636C726235}.Debug|Any CPU.Build.0 = Debug|Any CPU
		{178A8AA9-885C-4926-8066-A3636C726235}.Release|Any CPU.ActiveCfg = Release|Any CPU
		{178A8AA9-885C-4926-8066-A3636C726235}.Release|Any CPU.Build.0 = Release|Any CPU
	EndGlobalSection
	GlobalSection(SolutionProperties) = preSolution
		HideSolutionNode = FALSE
	EndGlobalSection
	GlobalSection(ExtensibilityGlobals) = postSolution
		SolutionGuid = {E48025FF-4DC6-4E94-ABBF-A81DBF352249}
	EndGlobalSection
EndGlobal
